
Microsoft Visual Studio Solution File, Format Version 12.00
# Visual Studio Version 16
VisualStudioVersion = 16.0.31624.102
MinimumVisualStudioVersion = 10.0.40219.1
Project("{9A19103F-16F7-4668-BE54-9A1E7A4F7556}") = "BlogPostsManagementSystem", "BlogPostsManagementSystem.csproj", "{60A32483-CB54-4CF8-B8E7-E1D7F83F286C}"
EndProject
Global
	GlobalSection(SolutionConfigurationPlatforms) = preSolution
		Debug|Any CPU = Debug|Any CPU
		Release|Any CPU = Release|Any CPU
	EndGlobalSection
	GlobalSection(ProjectConfigurationPlatforms) = postSolution
		{60A32483-CB54-4CF8-B8E7-E1D7F83F286C}.Debug|Any CPU.ActiveCfg = Debug|Any CPU
		{60A32483-CB54-4CF8-B8E7-E1D7F83F286C}.Debug|Any CPU.Build.0 = Debug|Any CPU
		{60A32483-CB54-4CF8-B8E7-E1D7F83F286C}.Release|Any CPU.ActiveCfg = Release|Any CPU
		{60A32483-CB54-4CF8-B8E7-E1D7F83F286C}.Release|Any CPU.Build.0 = Release|Any CPU
	EndGlobalSection
	GlobalSection(SolutionProperties) = preSolution
		HideSolutionNode = FALSE
	EndGlobalSection
	GlobalSection(ExtensibilityGlobals) = postSolution
		SolutionGuid = {895BAB96-70C2-4D8F-8156-572F4752563A}
	EndGlobalSection
EndGlobal
